// !$*UTF8*$!
{
	archiveVersion = 1;
	classes = {
	};
	objectVersion = 46;
	objects = {

/* Begin PBXBuildFile section */
		D813708B1592EEE000A58ADD /* OpenGL.framework in Frameworks */ = {isa = PBXBuildFile; fileRef = D813708A1592EEE000A58ADD /* OpenGL.framework */; };
		D813708C1592EEF600A58ADD /* OpenGL.framework in Frameworks */ = {isa = PBXBuildFile; fileRef = D813708A1592EEE000A58ADD /* OpenGL.framework */; };
		D81370A21593155D00A58ADD /* libcppunit-1.12.1.0.0.dylib in Frameworks */ = {isa = PBXBuildFile; fileRef = D81370A11593155D00A58ADD /* libcppunit-1.12.1.0.0.dylib */; };
		D8C986E6159408E7000D554E /* Canvas.cpp in Sources */ = {isa = PBXBuildFile; fileRef = D8C986DB159408E7000D554E /* Canvas.cpp */; };
		D8C986E7159408E7000D554E /* Canvas.cpp in Sources */ = {isa = PBXBuildFile; fileRef = D8C986DB159408E7000D554E /* Canvas.cpp */; };
		D8C986EE159408F6000D554E /* CanvasTest.cpp in Sources */ = {isa = PBXBuildFile; fileRef = D8C986EB159408F6000D554E /* CanvasTest.cpp */; };
		D8C986EF159408F6000D554E /* main.cpp in Sources */ = {isa = PBXBuildFile; fileRef = D8C986EC159408F6000D554E /* main.cpp */; };
		D8C986F0159408F6000D554E /* TransformArrayRefTest.cpp in Sources */ = {isa = PBXBuildFile; fileRef = D8C986ED159408F6000D554E /* TransformArrayRefTest.cpp */; };
		D8EB12A3158BADCD00ED0404 /* Cocoa.framework in Frameworks */ = {isa = PBXBuildFile; fileRef = D8EB12A2158BADCD00ED0404 /* Cocoa.framework */; };
		D8EB12AD158BADCD00ED0404 /* InfoPlist.strings in Resources */ = {isa = PBXBuildFile; fileRef = D8EB12AB158BADCD00ED0404 /* InfoPlist.strings */; };
		D8EB12AF158BADCD00ED0404 /* main.m in Sources */ = {isa = PBXBuildFile; fileRef = D8EB12AE158BADCD00ED0404 /* main.m */; };
		D8EB12B3158BADCD00ED0404 /* Credits.rtf in Resources */ = {isa = PBXBuildFile; fileRef = D8EB12B1158BADCD00ED0404 /* Credits.rtf */; };
		D8EB12B6158BADCD00ED0404 /* MegaDocument.mm in Sources */ = {isa = PBXBuildFile; fileRef = D8EB12B5158BADCD00ED0404 /* MegaDocument.mm */; };
		D8EB12B9158BADCD00ED0404 /* MegaDocument.xib in Resources */ = {isa = PBXBuildFile; fileRef = D8EB12B7158BADCD00ED0404 /* MegaDocument.xib */; };
		D8EB12BC158BADCD00ED0404 /* MainMenu.xib in Resources */ = {isa = PBXBuildFile; fileRef = D8EB12BA158BADCD00ED0404 /* MainMenu.xib */; };
		D8EB12C4158BADCE00ED0404 /* SenTestingKit.framework in Frameworks */ = {isa = PBXBuildFile; fileRef = D8EB12C3158BADCE00ED0404 /* SenTestingKit.framework */; };
		D8EB12C5158BADCE00ED0404 /* Cocoa.framework in Frameworks */ = {isa = PBXBuildFile; fileRef = D8EB12A2158BADCD00ED0404 /* Cocoa.framework */; };
		D8EB12CD158BADCE00ED0404 /* InfoPlist.strings in Resources */ = {isa = PBXBuildFile; fileRef = D8EB12CB158BADCE00ED0404 /* InfoPlist.strings */; };
		D8EB12D0158BADCE00ED0404 /* MegacanvasTests.m in Sources */ = {isa = PBXBuildFile; fileRef = D8EB12CF158BADCE00ED0404 /* MegacanvasTests.m */; };
		D8EB12DF158BB1C500ED0404 /* MegaCanvasView.m in Sources */ = {isa = PBXBuildFile; fileRef = D8EB12DE158BB1C500ED0404 /* MegaCanvasView.m */; };
		D8FEA31615967838005A2EF3 /* libyaml-cpp.a in Frameworks */ = {isa = PBXBuildFile; fileRef = D8FEA31515967838005A2EF3 /* libyaml-cpp.a */; };
		D8FEA31715967838005A2EF3 /* libyaml-cpp.a in Frameworks */ = {isa = PBXBuildFile; fileRef = D8FEA31515967838005A2EF3 /* libyaml-cpp.a */; };
		D8FEA31A159A7CA5005A2EF3 /* TestData in Resources */ = {isa = PBXBuildFile; fileRef = D8FEA319159A7CA5005A2EF3 /* TestData */; };
/* End PBXBuildFile section */

/* Begin PBXContainerItemProxy section */
		D8EB12C6158BADCE00ED0404 /* PBXContainerItemProxy */ = {
			isa = PBXContainerItemProxy;
			containerPortal = D8EB1295158BADCD00ED0404 /* Project object */;
			proxyType = 1;
			remoteGlobalIDString = D8EB129D158BADCD00ED0404;
			remoteInfo = Megacanvas;
		};
/* End PBXContainerItemProxy section */

/* Begin PBXCopyFilesBuildPhase section */
		D813708F1592EF5400A58ADD /* CopyFiles */ = {
			isa = PBXCopyFilesBuildPhase;
			buildActionMask = 2147483647;
			dstPath = /usr/share/man/man1/;
			dstSubfolderSpec = 0;
			files = (
			);
			runOnlyForDeploymentPostprocessing = 1;
		};
/* End PBXCopyFilesBuildPhase section */

/* Begin PBXFileReference section */
		D813708A1592EEE000A58ADD /* OpenGL.framework */ = {isa = PBXFileReference; lastKnownFileType = wrapper.framework; name = OpenGL.framework; path = System/Library/Frameworks/OpenGL.framework; sourceTree = SDKROOT; };
		D81370911592EF5400A58ADD /* EngineTests */ = {isa = PBXFileReference; explicitFileType = "compiled.mach-o.executable"; includeInIndex = 0; path = EngineTests; sourceTree = BUILT_PRODUCTS_DIR; };
		D81370A11593155D00A58ADD /* libcppunit-1.12.1.0.0.dylib */ = {isa = PBXFileReference; lastKnownFileType = "compiled.mach-o.dylib"; name = "libcppunit-1.12.1.0.0.dylib"; path = "/usr/local/cppunit/lib/libcppunit-1.12.1.0.0.dylib"; sourceTree = "<absolute>"; };
		D8B0C3A1158F90B200A40A70 /* Megacanvas.entitlements */ = {isa = PBXFileReference; lastKnownFileType = text.xml; path = Megacanvas.entitlements; sourceTree = "<group>"; };
		D8C986DB159408E7000D554E /* Canvas.cpp */ = {isa = PBXFileReference; fileEncoding = 4; lastKnownFileType = sourcecode.cpp.cpp; path = Canvas.cpp; sourceTree = "<group>"; };
		D8C986DC159408E7000D554E /* Canvas.hpp */ = {isa = PBXFileReference; fileEncoding = 4; lastKnownFileType = sourcecode.cpp.h; path = Canvas.hpp; sourceTree = "<group>"; };
		D8C986DE159408E7000D554E /* Layer.hpp */ = {isa = PBXFileReference; fileEncoding = 4; lastKnownFileType = sourcecode.cpp.h; path = Layer.hpp; sourceTree = "<group>"; };
		D8C986E0159408E7000D554E /* ArrayRef.hpp */ = {isa = PBXFileReference; fileEncoding = 4; lastKnownFileType = sourcecode.cpp.h; path = ArrayRef.hpp; sourceTree = "<group>"; };
		D8C986E1159408E7000D554E /* SmallString.hpp */ = {isa = PBXFileReference; fileEncoding = 4; lastKnownFileType = sourcecode.cpp.h; path = SmallString.hpp; sourceTree = "<group>"; };
		D8C986E2159408E7000D554E /* SmallVector.hpp */ = {isa = PBXFileReference; fileEncoding = 4; lastKnownFileType = sourcecode.cpp.h; path = SmallVector.hpp; sourceTree = "<group>"; };
		D8C986E3159408E7000D554E /* StringRef.hpp */ = {isa = PBXFileReference; fileEncoding = 4; lastKnownFileType = sourcecode.cpp.h; path = StringRef.hpp; sourceTree = "<group>"; };
		D8C986E4159408E7000D554E /* TransformArrayRef.hpp */ = {isa = PBXFileReference; fileEncoding = 4; lastKnownFileType = sourcecode.cpp.h; path = TransformArrayRef.hpp; sourceTree = "<group>"; };
		D8C986E5159408E7000D554E /* View.hpp */ = {isa = PBXFileReference; fileEncoding = 4; lastKnownFileType = sourcecode.cpp.h; path = View.hpp; sourceTree = "<group>"; };
		D8C986EB159408F6000D554E /* CanvasTest.cpp */ = {isa = PBXFileReference; fileEncoding = 4; lastKnownFileType = sourcecode.cpp.cpp; path = CanvasTest.cpp; sourceTree = "<group>"; };
		D8C986EC159408F6000D554E /* main.cpp */ = {isa = PBXFileReference; fileEncoding = 4; lastKnownFileType = sourcecode.cpp.cpp; path = main.cpp; sourceTree = "<group>"; };
		D8C986ED159408F6000D554E /* TransformArrayRefTest.cpp */ = {isa = PBXFileReference; fileEncoding = 4; lastKnownFileType = sourcecode.cpp.cpp; path = TransformArrayRefTest.cpp; sourceTree = "<group>"; };
		D8C986F1159416D0000D554E /* Priv.hpp */ = {isa = PBXFileReference; lastKnownFileType = sourcecode.cpp.h; path = Priv.hpp; sourceTree = "<group>"; };
		D8EB129E158BADCD00ED0404 /* Megacanvas.app */ = {isa = PBXFileReference; explicitFileType = wrapper.application; includeInIndex = 0; path = Megacanvas.app; sourceTree = BUILT_PRODUCTS_DIR; };
		D8EB12A2158BADCD00ED0404 /* Cocoa.framework */ = {isa = PBXFileReference; lastKnownFileType = wrapper.framework; name = Cocoa.framework; path = System/Library/Frameworks/Cocoa.framework; sourceTree = SDKROOT; };
		D8EB12A5158BADCD00ED0404 /* AppKit.framework */ = {isa = PBXFileReference; lastKnownFileType = wrapper.framework; name = AppKit.framework; path = System/Library/Frameworks/AppKit.framework; sourceTree = SDKROOT; };
		D8EB12A6158BADCD00ED0404 /* CoreData.framework */ = {isa = PBXFileReference; lastKnownFileType = wrapper.framework; name = CoreData.framework; path = System/Library/Frameworks/CoreData.framework; sourceTree = SDKROOT; };
		D8EB12A7158BADCD00ED0404 /* Foundation.framework */ = {isa = PBXFileReference; lastKnownFileType = wrapper.framework; name = Foundation.framework; path = System/Library/Frameworks/Foundation.framework; sourceTree = SDKROOT; };
		D8EB12AA158BADCD00ED0404 /* Megacanvas-Info.plist */ = {isa = PBXFileReference; lastKnownFileType = text.plist.xml; path = "Megacanvas-Info.plist"; sourceTree = "<group>"; };
		D8EB12AC158BADCD00ED0404 /* en */ = {isa = PBXFileReference; lastKnownFileType = text.plist.strings; name = en; path = en.lproj/InfoPlist.strings; sourceTree = "<group>"; };
		D8EB12AE158BADCD00ED0404 /* main.m */ = {isa = PBXFileReference; lastKnownFileType = sourcecode.c.objc; lineEnding = 0; path = main.m; sourceTree = "<group>"; xcLanguageSpecificationIdentifier = xcode.lang.objc; };
		D8EB12B0158BADCD00ED0404 /* prefix.pch */ = {isa = PBXFileReference; lastKnownFileType = sourcecode.c.h; path = prefix.pch; sourceTree = "<group>"; };
		D8EB12B2158BADCD00ED0404 /* en */ = {isa = PBXFileReference; lastKnownFileType = text.rtf; name = en; path = en.lproj/Credits.rtf; sourceTree = "<group>"; };
		D8EB12B4158BADCD00ED0404 /* MegaDocument.hh */ = {isa = PBXFileReference; lastKnownFileType = sourcecode.cpp.h; lineEnding = 0; path = MegaDocument.hh; sourceTree = "<group>"; xcLanguageSpecificationIdentifier = xcode.lang.objcpp; };
		D8EB12B5158BADCD00ED0404 /* MegaDocument.mm */ = {isa = PBXFileReference; lastKnownFileType = sourcecode.cpp.objcpp; path = MegaDocument.mm; sourceTree = "<group>"; };
		D8EB12B8158BADCD00ED0404 /* en */ = {isa = PBXFileReference; lastKnownFileType = file.xib; name = en; path = en.lproj/MegaDocument.xib; sourceTree = "<group>"; };
		D8EB12BB158BADCD00ED0404 /* en */ = {isa = PBXFileReference; lastKnownFileType = file.xib; name = en; path = en.lproj/MainMenu.xib; sourceTree = "<group>"; };
		D8EB12C2158BADCE00ED0404 /* MegacanvasTests.octest */ = {isa = PBXFileReference; explicitFileType = wrapper.cfbundle; includeInIndex = 0; path = MegacanvasTests.octest; sourceTree = BUILT_PRODUCTS_DIR; };
		D8EB12C3158BADCE00ED0404 /* SenTestingKit.framework */ = {isa = PBXFileReference; lastKnownFileType = wrapper.framework; name = SenTestingKit.framework; path = Library/Frameworks/SenTestingKit.framework; sourceTree = DEVELOPER_DIR; };
		D8EB12CA158BADCE00ED0404 /* MegacanvasTests-Info.plist */ = {isa = PBXFileReference; lastKnownFileType = text.plist.xml; path = "MegacanvasTests-Info.plist"; sourceTree = "<group>"; };
		D8EB12CC158BADCE00ED0404 /* en */ = {isa = PBXFileReference; lastKnownFileType = text.plist.strings; name = en; path = en.lproj/InfoPlist.strings; sourceTree = "<group>"; };
		D8EB12CE158BADCE00ED0404 /* MegacanvasTests.h */ = {isa = PBXFileReference; lastKnownFileType = sourcecode.c.h; lineEnding = 0; path = MegacanvasTests.h; sourceTree = "<group>"; xcLanguageSpecificationIdentifier = xcode.lang.objcpp; };
		D8EB12CF158BADCE00ED0404 /* MegacanvasTests.m */ = {isa = PBXFileReference; lastKnownFileType = sourcecode.c.objc; lineEnding = 0; path = MegacanvasTests.m; sourceTree = "<group>"; xcLanguageSpecificationIdentifier = xcode.lang.objc; };
		D8EB12DD158BB1C500ED0404 /* MegaCanvasView.h */ = {isa = PBXFileReference; fileEncoding = 4; lastKnownFileType = sourcecode.c.h; lineEnding = 0; path = MegaCanvasView.h; sourceTree = "<group>"; xcLanguageSpecificationIdentifier = xcode.lang.objcpp; };
		D8EB12DE158BB1C500ED0404 /* MegaCanvasView.m */ = {isa = PBXFileReference; fileEncoding = 4; lastKnownFileType = sourcecode.c.objc; lineEnding = 0; path = MegaCanvasView.m; sourceTree = "<group>"; xcLanguageSpecificationIdentifier = xcode.lang.objc; };
		D8FEA31415953EF1005A2EF3 /* Vec.hpp */ = {isa = PBXFileReference; lastKnownFileType = sourcecode.cpp.h; path = Vec.hpp; sourceTree = "<group>"; };
		D8FEA31515967838005A2EF3 /* libyaml-cpp.a */ = {isa = PBXFileReference; lastKnownFileType = archive.ar; name = "libyaml-cpp.a"; path = "../../../../../usr/local/yaml-cpp/lib/libyaml-cpp.a"; sourceTree = "<group>"; };
		D8FEA319159A7CA5005A2EF3 /* TestData */ = {isa = PBXFileReference; lastKnownFileType = folder; path = TestData; sourceTree = "<group>"; };
		D8FEA31B159AB791005A2EF3 /* StringSwitch.hpp */ = {isa = PBXFileReference; fileEncoding = 4; lastKnownFileType = sourcecode.cpp.h; path = StringSwitch.hpp; sourceTree = "<group>"; };
		D8FEA31C159ABC43005A2EF3 /* Optional.hpp */ = {isa = PBXFileReference; fileEncoding = 4; lastKnownFileType = sourcecode.cpp.h; path = Optional.hpp; sourceTree = "<group>"; };
/* End PBXFileReference section */

/* Begin PBXFrameworksBuildPhase section */
		D813708E1592EF5400A58ADD /* Frameworks */ = {
			isa = PBXFrameworksBuildPhase;
			buildActionMask = 2147483647;
			files = (
				D81370A21593155D00A58ADD /* libcppunit-1.12.1.0.0.dylib in Frameworks */,
				D8FEA31715967838005A2EF3 /* libyaml-cpp.a in Frameworks */,
			);
			runOnlyForDeploymentPostprocessing = 0;
		};
		D8EB129B158BADCD00ED0404 /* Frameworks */ = {
			isa = PBXFrameworksBuildPhase;
			buildActionMask = 2147483647;
			files = (
				D8EB12A3158BADCD00ED0404 /* Cocoa.framework in Frameworks */,
				D813708C1592EEF600A58ADD /* OpenGL.framework in Frameworks */,
				D8FEA31615967838005A2EF3 /* libyaml-cpp.a in Frameworks */,
			);
			runOnlyForDeploymentPostprocessing = 0;
		};
		D8EB12BE158BADCE00ED0404 /* Frameworks */ = {
			isa = PBXFrameworksBuildPhase;
			buildActionMask = 2147483647;
			files = (
				D8EB12C4158BADCE00ED0404 /* SenTestingKit.framework in Frameworks */,
				D8EB12C5158BADCE00ED0404 /* Cocoa.framework in Frameworks */,
				D813708B1592EEE000A58ADD /* OpenGL.framework in Frameworks */,
			);
			runOnlyForDeploymentPostprocessing = 0;
		};
/* End PBXFrameworksBuildPhase section */

/* Begin PBXGroup section */
		D8C986DA159408E7000D554E /* Engine */ = {
			isa = PBXGroup;
			children = (
				D8C986DB159408E7000D554E /* Canvas.cpp */,
				D8C986DC159408E7000D554E /* Canvas.hpp */,
				D8C986DE159408E7000D554E /* Layer.hpp */,
				D8C986DF159408E7000D554E /* Util */,
				D8C986E5159408E7000D554E /* View.hpp */,
				D8FEA31415953EF1005A2EF3 /* Vec.hpp */,
			);
			path = Engine;
			sourceTree = "<group>";
		};
		D8C986DF159408E7000D554E /* Util */ = {
			isa = PBXGroup;
			children = (
				D8FEA31C159ABC43005A2EF3 /* Optional.hpp */,
				D8FEA31B159AB791005A2EF3 /* StringSwitch.hpp */,
				D8C986E0159408E7000D554E /* ArrayRef.hpp */,
				D8C986E1159408E7000D554E /* SmallString.hpp */,
				D8C986E2159408E7000D554E /* SmallVector.hpp */,
				D8C986E3159408E7000D554E /* StringRef.hpp */,
				D8C986E4159408E7000D554E /* TransformArrayRef.hpp */,
				D8C986F1159416D0000D554E /* Priv.hpp */,
			);
			path = Util;
			sourceTree = "<group>";
		};
		D8C986EA159408F6000D554E /* EngineTests */ = {
			isa = PBXGroup;
			children = (
				D8FEA319159A7CA5005A2EF3 /* TestData */,
				D8C986EB159408F6000D554E /* CanvasTest.cpp */,
				D8C986EC159408F6000D554E /* main.cpp */,
				D8C986ED159408F6000D554E /* TransformArrayRefTest.cpp */,
			);
			path = EngineTests;
			sourceTree = "<group>";
		};
		D8EB1293158BADCD00ED0404 = {
			isa = PBXGroup;
			children = (
				D8EB12B0158BADCD00ED0404 /* prefix.pch */,
				D8C986EA159408F6000D554E /* EngineTests */,
				D8C986DA159408E7000D554E /* Engine */,
				D8B0C3A1158F90B200A40A70 /* Megacanvas.entitlements */,
				D8EB12A8158BADCD00ED0404 /* Mac */,
				D8EB12C8158BADCE00ED0404 /* MacTests */,
				D8EB12A1158BADCD00ED0404 /* Frameworks */,
				D8EB129F158BADCD00ED0404 /* Products */,
			);
			sourceTree = "<group>";
		};
		D8EB129F158BADCD00ED0404 /* Products */ = {
			isa = PBXGroup;
			children = (
				D8EB129E158BADCD00ED0404 /* Megacanvas.app */,
				D8EB12C2158BADCE00ED0404 /* MegacanvasTests.octest */,
				D81370911592EF5400A58ADD /* EngineTests */,
			);
			name = Products;
			sourceTree = "<group>";
		};
		D8EB12A1158BADCD00ED0404 /* Frameworks */ = {
			isa = PBXGroup;
			children = (
				D8FEA31515967838005A2EF3 /* libyaml-cpp.a */,
				D81370A11593155D00A58ADD /* libcppunit-1.12.1.0.0.dylib */,
				D813708A1592EEE000A58ADD /* OpenGL.framework */,
				D8EB12A2158BADCD00ED0404 /* Cocoa.framework */,
				D8EB12C3158BADCE00ED0404 /* SenTestingKit.framework */,
				D8EB12A4158BADCD00ED0404 /* Other Frameworks */,
			);
			name = Frameworks;
			sourceTree = "<group>";
		};
		D8EB12A4158BADCD00ED0404 /* Other Frameworks */ = {
			isa = PBXGroup;
			children = (
				D8EB12A5158BADCD00ED0404 /* AppKit.framework */,
				D8EB12A6158BADCD00ED0404 /* CoreData.framework */,
				D8EB12A7158BADCD00ED0404 /* Foundation.framework */,
			);
			name = "Other Frameworks";
			sourceTree = "<group>";
		};
		D8EB12A8158BADCD00ED0404 /* Mac */ = {
			isa = PBXGroup;
			children = (
				D8EB12B4158BADCD00ED0404 /* MegaDocument.hh */,
				D8EB12DD158BB1C500ED0404 /* MegaCanvasView.h */,
				D8EB12DE158BB1C500ED0404 /* MegaCanvasView.m */,
				D8EB12B5158BADCD00ED0404 /* MegaDocument.mm */,
				D8EB12B7158BADCD00ED0404 /* MegaDocument.xib */,
				D8EB12BA158BADCD00ED0404 /* MainMenu.xib */,
				D8EB12A9158BADCD00ED0404 /* Supporting Files */,
			);
			path = Mac;
			sourceTree = "<group>";
		};
		D8EB12A9158BADCD00ED0404 /* Supporting Files */ = {
			isa = PBXGroup;
			children = (
				D8EB12AA158BADCD00ED0404 /* Megacanvas-Info.plist */,
				D8EB12AB158BADCD00ED0404 /* InfoPlist.strings */,
				D8EB12AE158BADCD00ED0404 /* main.m */,
				D8EB12B1158BADCD00ED0404 /* Credits.rtf */,
			);
			name = "Supporting Files";
			sourceTree = "<group>";
		};
		D8EB12C8158BADCE00ED0404 /* MacTests */ = {
			isa = PBXGroup;
			children = (
				D8EB12CE158BADCE00ED0404 /* MegacanvasTests.h */,
				D8EB12CF158BADCE00ED0404 /* MegacanvasTests.m */,
				D8EB12C9158BADCE00ED0404 /* Supporting Files */,
			);
			path = MacTests;
			sourceTree = "<group>";
		};
		D8EB12C9158BADCE00ED0404 /* Supporting Files */ = {
			isa = PBXGroup;
			children = (
				D8EB12CA158BADCE00ED0404 /* MegacanvasTests-Info.plist */,
				D8EB12CB158BADCE00ED0404 /* InfoPlist.strings */,
			);
			name = "Supporting Files";
			sourceTree = "<group>";
		};
/* End PBXGroup section */

/* Begin PBXNativeTarget section */
		D81370901592EF5400A58ADD /* EngineTests */ = {
			isa = PBXNativeTarget;
			buildConfigurationList = D81370981592EF5400A58ADD /* Build configuration list for PBXNativeTarget "EngineTests" */;
			buildPhases = (
				D813708D1592EF5400A58ADD /* Sources */,
				D813708E1592EF5400A58ADD /* Frameworks */,
				D813708F1592EF5400A58ADD /* CopyFiles */,
			);
			buildRules = (
			);
			dependencies = (
			);
			name = EngineTests;
			productName = EngineTests;
			productReference = D81370911592EF5400A58ADD /* EngineTests */;
			productType = "com.apple.product-type.tool";
		};
		D8EB129D158BADCD00ED0404 /* Megacanvas */ = {
			isa = PBXNativeTarget;
			buildConfigurationList = D8EB12D3158BADCE00ED0404 /* Build configuration list for PBXNativeTarget "Megacanvas" */;
			buildPhases = (
				D8EB129A158BADCD00ED0404 /* Sources */,
				D8EB129B158BADCD00ED0404 /* Frameworks */,
				D8EB129C158BADCD00ED0404 /* Resources */,
			);
			buildRules = (
			);
			dependencies = (
			);
			name = Megacanvas;
			productName = Megacanvas;
			productReference = D8EB129E158BADCD00ED0404 /* Megacanvas.app */;
			productType = "com.apple.product-type.application";
		};
		D8EB12C1158BADCE00ED0404 /* MegacanvasTests */ = {
			isa = PBXNativeTarget;
			buildConfigurationList = D8EB12D6158BADCE00ED0404 /* Build configuration list for PBXNativeTarget "MegacanvasTests" */;
			buildPhases = (
				D8EB12BD158BADCE00ED0404 /* Sources */,
				D8EB12BE158BADCE00ED0404 /* Frameworks */,
				D8EB12BF158BADCE00ED0404 /* Resources */,
				D8EB12C0158BADCE00ED0404 /* ShellScript */,
			);
			buildRules = (
			);
			dependencies = (
				D8EB12C7158BADCE00ED0404 /* PBXTargetDependency */,
			);
			name = MegacanvasTests;
			productName = MegacanvasTests;
			productReference = D8EB12C2158BADCE00ED0404 /* MegacanvasTests.octest */;
			productType = "com.apple.product-type.bundle";
		};
/* End PBXNativeTarget section */

/* Begin PBXProject section */
		D8EB1295158BADCD00ED0404 /* Project object */ = {
			isa = PBXProject;
			attributes = {
				CLASSPREFIX = Mega;
				LastUpgradeCheck = 0430;
				ORGANIZATIONNAME = "Durian Software";
			};
			buildConfigurationList = D8EB1298158BADCD00ED0404 /* Build configuration list for PBXProject "Megacanvas" */;
			compatibilityVersion = "Xcode 3.2";
			developmentRegion = English;
			hasScannedForEncodings = 0;
			knownRegions = (
				en,
			);
			mainGroup = D8EB1293158BADCD00ED0404;
			productRefGroup = D8EB129F158BADCD00ED0404 /* Products */;
			projectDirPath = "";
			projectRoot = "";
			targets = (
				D8EB129D158BADCD00ED0404 /* Megacanvas */,
				D8EB12C1158BADCE00ED0404 /* MegacanvasTests */,
				D81370901592EF5400A58ADD /* EngineTests */,
			);
		};
/* End PBXProject section */

/* Begin PBXResourcesBuildPhase section */
		D8EB129C158BADCD00ED0404 /* Resources */ = {
			isa = PBXResourcesBuildPhase;
			buildActionMask = 2147483647;
			files = (
				D8EB12AD158BADCD00ED0404 /* InfoPlist.strings in Resources */,
				D8EB12B3158BADCD00ED0404 /* Credits.rtf in Resources */,
				D8EB12B9158BADCD00ED0404 /* MegaDocument.xib in Resources */,
				D8EB12BC158BADCD00ED0404 /* MainMenu.xib in Resources */,
				D8FEA31A159A7CA5005A2EF3 /* TestData in Resources */,
			);
			runOnlyForDeploymentPostprocessing = 0;
		};
		D8EB12BF158BADCE00ED0404 /* Resources */ = {
			isa = PBXResourcesBuildPhase;
			buildActionMask = 2147483647;
			files = (
				D8EB12CD158BADCE00ED0404 /* InfoPlist.strings in Resources */,
			);
			runOnlyForDeploymentPostprocessing = 0;
		};
/* End PBXResourcesBuildPhase section */

/* Begin PBXShellScriptBuildPhase section */
		D8EB12C0158BADCE00ED0404 /* ShellScript */ = {
			isa = PBXShellScriptBuildPhase;
			buildActionMask = 2147483647;
			files = (
			);
			inputPaths = (
			);
			outputPaths = (
			);
			runOnlyForDeploymentPostprocessing = 0;
			shellPath = /bin/sh;
			shellScript = "# Run the unit tests in this test bundle.\n\"${SYSTEM_DEVELOPER_DIR}/Tools/RunUnitTests\"\n";
		};
/* End PBXShellScriptBuildPhase section */

/* Begin PBXSourcesBuildPhase section */
		D813708D1592EF5400A58ADD /* Sources */ = {
			isa = PBXSourcesBuildPhase;
			buildActionMask = 2147483647;
			files = (
				D8C986E7159408E7000D554E /* Canvas.cpp in Sources */,
				D8C986EE159408F6000D554E /* CanvasTest.cpp in Sources */,
				D8C986EF159408F6000D554E /* main.cpp in Sources */,
				D8C986F0159408F6000D554E /* TransformArrayRefTest.cpp in Sources */,
			);
			runOnlyForDeploymentPostprocessing = 0;
		};
		D8EB129A158BADCD00ED0404 /* Sources */ = {
			isa = PBXSourcesBuildPhase;
			buildActionMask = 2147483647;
			files = (
				D8EB12AF158BADCD00ED0404 /* main.m in Sources */,
				D8EB12B6158BADCD00ED0404 /* MegaDocument.mm in Sources */,
				D8EB12DF158BB1C500ED0404 /* MegaCanvasView.m in Sources */,
				D8C986E6159408E7000D554E /* Canvas.cpp in Sources */,
			);
			runOnlyForDeploymentPostprocessing = 0;
		};
		D8EB12BD158BADCE00ED0404 /* Sources */ = {
			isa = PBXSourcesBuildPhase;
			buildActionMask = 2147483647;
			files = (
				D8EB12D0158BADCE00ED0404 /* MegacanvasTests.m in Sources */,
			);
			runOnlyForDeploymentPostprocessing = 0;
		};
/* End PBXSourcesBuildPhase section */

/* Begin PBXTargetDependency section */
		D8EB12C7158BADCE00ED0404 /* PBXTargetDependency */ = {
			isa = PBXTargetDependency;
			target = D8EB129D158BADCD00ED0404 /* Megacanvas */;
			targetProxy = D8EB12C6158BADCE00ED0404 /* PBXContainerItemProxy */;
		};
/* End PBXTargetDependency section */

/* Begin PBXVariantGroup section */
		D8EB12AB158BADCD00ED0404 /* InfoPlist.strings */ = {
			isa = PBXVariantGroup;
			children = (
				D8EB12AC158BADCD00ED0404 /* en */,
			);
			name = InfoPlist.strings;
			sourceTree = "<group>";
		};
		D8EB12B1158BADCD00ED0404 /* Credits.rtf */ = {
			isa = PBXVariantGroup;
			children = (
				D8EB12B2158BADCD00ED0404 /* en */,
			);
			name = Credits.rtf;
			sourceTree = "<group>";
		};
		D8EB12B7158BADCD00ED0404 /* MegaDocument.xib */ = {
			isa = PBXVariantGroup;
			children = (
				D8EB12B8158BADCD00ED0404 /* en */,
			);
			name = MegaDocument.xib;
			sourceTree = "<group>";
		};
		D8EB12BA158BADCD00ED0404 /* MainMenu.xib */ = {
			isa = PBXVariantGroup;
			children = (
				D8EB12BB158BADCD00ED0404 /* en */,
			);
			name = MainMenu.xib;
			sourceTree = "<group>";
		};
		D8EB12CB158BADCE00ED0404 /* InfoPlist.strings */ = {
			isa = PBXVariantGroup;
			children = (
				D8EB12CC158BADCE00ED0404 /* en */,
			);
			name = InfoPlist.strings;
			sourceTree = "<group>";
		};
/* End PBXVariantGroup section */

/* Begin XCBuildConfiguration section */
		D81370991592EF5400A58ADD /* Debug */ = {
			isa = XCBuildConfiguration;
			buildSettings = {
				GCC_PRECOMPILE_PREFIX_HEADER = YES;
				GCC_PREFIX_HEADER = prefix.pch;
				LIBRARY_SEARCH_PATHS = (
					"$(inherited)",
					/usr/local/cppunit/lib,
					"\"/usr/local/yaml-cpp/lib\"",
				);
				PRODUCT_NAME = "$(TARGET_NAME)";
			};
			name = Debug;
		};
		D813709A1592EF5400A58ADD /* Release */ = {
			isa = XCBuildConfiguration;
			buildSettings = {
				GCC_PRECOMPILE_PREFIX_HEADER = YES;
				GCC_PREFIX_HEADER = prefix.pch;
				LIBRARY_SEARCH_PATHS = (
					"$(inherited)",
					/usr/local/cppunit/lib,
					"\"/usr/local/yaml-cpp/lib\"",
				);
				PRODUCT_NAME = "$(TARGET_NAME)";
			};
			name = Release;
		};
		D8EB12D1158BADCE00ED0404 /* Debug */ = {
			isa = XCBuildConfiguration;
			buildSettings = {
				ALWAYS_SEARCH_USER_PATHS = NO;
				ARCHS = "$(ARCHS_STANDARD_64_BIT)";
				CLANG_CXX_LANGUAGE_STANDARD = "c++0x";
				CLANG_CXX_LIBRARY = "libc++";
				CLANG_ENABLE_OBJC_ARC = YES;
				COPY_PHASE_STRIP = NO;
				GCC_C_LANGUAGE_STANDARD = gnu99;
				GCC_DYNAMIC_NO_PIC = NO;
				GCC_ENABLE_OBJC_EXCEPTIONS = YES;
				GCC_OPTIMIZATION_LEVEL = 0;
				GCC_PREPROCESSOR_DEFINITIONS = (
					"DEBUG=1",
					"$(inherited)",
				);
				GCC_SYMBOLS_PRIVATE_EXTERN = NO;
				GCC_VERSION = com.apple.compilers.llvm.clang.1_0;
				GCC_WARN_64_TO_32_BIT_CONVERSION = YES;
				GCC_WARN_ABOUT_RETURN_TYPE = YES;
				GCC_WARN_UNINITIALIZED_AUTOS = YES;
				GCC_WARN_UNUSED_VARIABLE = YES;
				HEADER_SEARCH_PATHS = (
					.,
					/usr/local/cppunit/include,
					"/usr/local/yaml-cpp/include",
				);
				MACOSX_DEPLOYMENT_TARGET = 10.7;
				ONLY_ACTIVE_ARCH = YES;
				SDKROOT = macosx;
				USER_HEADER_SEARCH_PATHS = ". /usr/local/cppunit/include /usr/local/yaml-cpp/include";
			};
			name = Debug;
		};
		D8EB12D2158BADCE00ED0404 /* Release */ = {
			isa = XCBuildConfiguration;
			buildSettings = {
				ALWAYS_SEARCH_USER_PATHS = NO;
				ARCHS = "$(ARCHS_STANDARD_64_BIT)";
				CLANG_CXX_LANGUAGE_STANDARD = "c++0x";
				CLANG_CXX_LIBRARY = "libc++";
				CLANG_ENABLE_OBJC_ARC = YES;
				COPY_PHASE_STRIP = YES;
				DEBUG_INFORMATION_FORMAT = "dwarf-with-dsym";
				GCC_C_LANGUAGE_STANDARD = gnu99;
				GCC_ENABLE_OBJC_EXCEPTIONS = YES;
				GCC_VERSION = com.apple.compilers.llvm.clang.1_0;
				GCC_WARN_64_TO_32_BIT_CONVERSION = YES;
				GCC_WARN_ABOUT_RETURN_TYPE = YES;
				GCC_WARN_UNINITIALIZED_AUTOS = YES;
				GCC_WARN_UNUSED_VARIABLE = YES;
				HEADER_SEARCH_PATHS = (
					.,
					/usr/local/cppunit/include,
					"/usr/local/yaml-cpp/include",
				);
				MACOSX_DEPLOYMENT_TARGET = 10.7;
				SDKROOT = macosx;
				USER_HEADER_SEARCH_PATHS = ". /usr/local/cppunit/include /usr/local/yaml-cpp/include";
			};
			name = Release;
		};
		D8EB12D4158BADCE00ED0404 /* Debug */ = {
			isa = XCBuildConfiguration;
			buildSettings = {
				CLANG_CXX_LANGUAGE_STANDARD = "c++0x";
				CLANG_CXX_LIBRARY = "libc++";
				CODE_SIGN_ENTITLEMENTS = Megacanvas.entitlements;
				GCC_PRECOMPILE_PREFIX_HEADER = YES;
				GCC_PREFIX_HEADER = prefix.pch;
				INFOPLIST_FILE = "Mac/Megacanvas-Info.plist";
				LIBRARY_SEARCH_PATHS = (
					"$(inherited)",
					"\"/usr/local/yaml-cpp/lib\"",
				);
				PRODUCT_NAME = "$(TARGET_NAME)";
				WRAPPER_EXTENSION = app;
			};
			name = Debug;
		};
		D8EB12D5158BADCE00ED0404 /* Release */ = {
			isa = XCBuildConfiguration;
			buildSettings = {
				CLANG_CXX_LANGUAGE_STANDARD = "c++0x";
				CLANG_CXX_LIBRARY = "libc++";
				CODE_SIGN_ENTITLEMENTS = Megacanvas.entitlements;
				GCC_PRECOMPILE_PREFIX_HEADER = YES;
				GCC_PREFIX_HEADER = prefix.pch;
				INFOPLIST_FILE = "Mac/Megacanvas-Info.plist";
				LIBRARY_SEARCH_PATHS = (
					"$(inherited)",
					"\"/usr/local/yaml-cpp/lib\"",
				);
				PRODUCT_NAME = "$(TARGET_NAME)";
				WRAPPER_EXTENSION = app;
			};
			name = Release;
		};
		D8EB12D7158BADCE00ED0404 /* Debug */ = {
			isa = XCBuildConfiguration;
			buildSettings = {
				BUNDLE_LOADER = "$(BUILT_PRODUCTS_DIR)/Megacanvas.app/Contents/MacOS/Megacanvas";
				CLANG_CXX_LANGUAGE_STANDARD = "c++0x";
				CLANG_CXX_LIBRARY = "libc++";
				FRAMEWORK_SEARCH_PATHS = "$(DEVELOPER_LIBRARY_DIR)/Frameworks";
				GCC_PRECOMPILE_PREFIX_HEADER = YES;
				GCC_PREFIX_HEADER = prefix.pch;
				INFOPLIST_FILE = "MacTests/MegacanvasTests-Info.plist";
				PRODUCT_NAME = "$(TARGET_NAME)";
				TEST_HOST = "$(BUNDLE_LOADER)";
				WRAPPER_EXTENSION = octest;
			};
			name = Debug;
		};
		D8EB12D8158BADCE00ED0404 /* Release */ = {
			isa = XCBuildConfiguration;
			buildSettings = {
				BUNDLE_LOADER = "$(BUILT_PRODUCTS_DIR)/Megacanvas.app/Contents/MacOS/Megacanvas";
				CLANG_CXX_LANGUAGE_STANDARD = "c++0x";
				CLANG_CXX_LIBRARY = "libc++";
				FRAMEWORK_SEARCH_PATHS = "$(DEVELOPER_LIBRARY_DIR)/Frameworks";
				GCC_PRECOMPILE_PREFIX_HEADER = YES;
				GCC_PREFIX_HEADER = prefix.pch;
				INFOPLIST_FILE = "MacTests/MegacanvasTests-Info.plist";
				PRODUCT_NAME = "$(TARGET_NAME)";
				TEST_HOST = "$(BUNDLE_LOADER)";
				WRAPPER_EXTENSION = octest;
			};
			name = Release;
		};
/* End XCBuildConfiguration section */

/* Begin XCConfigurationList section */
		D81370981592EF5400A58ADD /* Build configuration list for PBXNativeTarget "EngineTests" */ = {
			isa = XCConfigurationList;
			buildConfigurations = (
				D81370991592EF5400A58ADD /* Debug */,
				D813709A1592EF5400A58ADD /* Release */,
			);
			defaultConfigurationIsVisible = 0;
			defaultConfigurationName = Release;
		};
		D8EB1298158BADCD00ED0404 /* Build configuration list for PBXProject "Megacanvas" */ = {
			isa = XCConfigurationList;
			buildConfigurations = (
				D8EB12D1158BADCE00ED0404 /* Debug */,
				D8EB12D2158BADCE00ED0404 /* Release */,
			);
			defaultConfigurationIsVisible = 0;
			defaultConfigurationName = Release;
		};
		D8EB12D3158BADCE00ED0404 /* Build configuration list for PBXNativeTarget "Megacanvas" */ = {
			isa = XCConfigurationList;
			buildConfigurations = (
				D8EB12D4158BADCE00ED0404 /* Debug */,
				D8EB12D5158BADCE00ED0404 /* Release */,
			);
			defaultConfigurationIsVisible = 0;
			defaultConfigurationName = Release;
		};
		D8EB12D6158BADCE00ED0404 /* Build configuration list for PBXNativeTarget "MegacanvasTests" */ = {
			isa = XCConfigurationList;
			buildConfigurations = (
				D8EB12D7158BADCE00ED0404 /* Debug */,
				D8EB12D8158BADCE00ED0404 /* Release */,
			);
			defaultConfigurationIsVisible = 0;
			defaultConfigurationName = Release;
		};
/* End XCConfigurationList section */
	};
	rootObject = D8EB1295158BADCD00ED0404 /* Project object */;
}
